# This file is automatically @generated by Poetry 1.8.2 and should not be changed by hand.

[[package]]
name = "mlx"
version = "0.7.0"
description = "A framework for machine learning on Apple silicon."
optional = false
python-versions = ">=3.8"
files = [
    {file = "mlx-0.7.0-cp310-cp310-macosx_13_0_arm64.whl", hash = "sha256:9981f30b0636803088f1ce4ba95851ae05ddc32ddfc1f5aaf2b09b129ff630bf"},
    {file = "mlx-0.7.0-cp310-cp310-macosx_14_0_arm64.whl", hash = "sha256:ea0cd9ef83b097f893b8c4fbb50e0cce6476d47aa5e87a883a35b0f44a80c0fb"},
    {file = "mlx-0.7.0-cp311-cp311-macosx_13_0_arm64.whl", hash = "sha256:5117186a45aef3a56021a8a8f502ac2650fdcdcf3ead0a68a2ac067ec404b4b1"},
    {file = "mlx-0.7.0-cp311-cp311-macosx_14_0_arm64.whl", hash = "sha256:92855413651d710110d89d50f18ba3d1c65ba8d3ce248d981da3efdf69fa8150"},
    {file = "mlx-0.7.0-cp312-cp312-macosx_13_0_arm64.whl", hash = "sha256:0c7a5871a9cb8e2584bed104369193700138bf5f93d3d3ca89c943ce498556c6"},
    {file = "mlx-0.7.0-cp312-cp312-macosx_14_0_arm64.whl", hash = "sha256:be6ac4e1c5490932f191fcdbba17cfc3d7f76273caaaa56963a4e0f896546349"},
    {file = "mlx-0.7.0-cp38-cp38-macosx_13_0_arm64.whl", hash = "sha256:d719f44083fcb3d2d7128606cf39d261456baff86c9e50333a7b0c169f8e8536"},
    {file = "mlx-0.7.0-cp38-cp38-macosx_14_0_arm64.whl", hash = "sha256:e2646f4fad510c1bd4fcaf25870189eb94b8d0f24abf85fb8479bdf62548f01e"},
    {file = "mlx-0.7.0-cp39-cp39-macosx_13_0_arm64.whl", hash = "sha256:ed98ae7f996adfee8846fe9340e4ba5fc3320856ad5e4469e115ac2e29c0abde"},
    {file = "mlx-0.7.0-cp39-cp39-macosx_14_0_arm64.whl", hash = "sha256:439aba8a4e9ec8e81379edabc4aeb43025e506c170e2800811dffe1650e77cc5"},
]

[package.extras]
dev = ["pre-commit", "pybind11-stubgen"]
testing = ["numpy", "torch"]

[metadata]
lock-version = "2.0"
python-versions = "^3.12"
content-hash = "42196cea503c906a8a88801143e1a6cb3831e39c7a4533b3beb8f335ba3f2a73"
