# This file is automatically @generated by Poetry 1.8.2 and should not be changed by hand.

[[package]]
name = "mlx"
version = "0.6.0"
description = "A framework for machine learning on Apple silicon."
optional = false
python-versions = ">=3.8"
files = [
    {file = "mlx-0.6.0-cp310-cp310-macosx_13_0_arm64.whl", hash = "sha256:9fcd8f6a882406dcf75ffbf282e0b05d371cd41b2e059e3616608c450addf2b2"},
    {file = "mlx-0.6.0-cp310-cp310-macosx_14_0_arm64.whl", hash = "sha256:e8e84d083f58e4db691ded2ddabb3521c859db4498d56d851e6f930692b16a30"},
    {file = "mlx-0.6.0-cp311-cp311-macosx_13_0_arm64.whl", hash = "sha256:69777681afd32d9da3badbf3f58ffc4e35cba5073e3dd8fd957dc9dd745f8941"},
    {file = "mlx-0.6.0-cp311-cp311-macosx_14_0_arm64.whl", hash = "sha256:1a27b7a7e56a8201cf4f62f2093814d4c768ef1483c690a1f7d5eaa988e50577"},
    {file = "mlx-0.6.0-cp312-cp312-macosx_13_0_arm64.whl", hash = "sha256:86c56215176157ecad32886f86f4a27ee08e550ab58ed833d63d5a8cc77041b9"},
    {file = "mlx-0.6.0-cp312-cp312-macosx_14_0_arm64.whl", hash = "sha256:3b1d347f7f9f4621bde4a9ee87495a97e94901f913c9edb669d6cce5aeb920aa"},
    {file = "mlx-0.6.0-cp38-cp38-macosx_13_0_arm64.whl", hash = "sha256:5cd7d23164b3603b5ebe3427a07ae14ed821b628850739a276bdceb820b31b79"},
    {file = "mlx-0.6.0-cp38-cp38-macosx_14_0_arm64.whl", hash = "sha256:50bbb1a74cbdef9fd6a5907753fe80b0a5843ab48c10fc5f27214596df4a8e26"},
    {file = "mlx-0.6.0-cp39-cp39-macosx_13_0_arm64.whl", hash = "sha256:aed2d93a8a05d947d6029b4fb6e6747395ce76169fe408e171a851bc40df7dc8"},
    {file = "mlx-0.6.0-cp39-cp39-macosx_14_0_arm64.whl", hash = "sha256:2e1d793e7254c5f778aef83baa71a933b8b0c5bdfd134263c08f92578f12e19d"},
]

[package.extras]
dev = ["pre-commit", "pybind11-stubgen"]
testing = ["numpy", "torch"]

[metadata]
lock-version = "2.0"
python-versions = "^3.12"
content-hash = "c197a699ed3a264c9c89dcbd7356e64b6dc9947730ec723ccdead66058425716"
