# This file is automatically @generated by Poetry 1.8.2 and should not be changed by hand.

[[package]]
name = "mlx"
version = "0.9.0"
description = "A framework for machine learning on Apple silicon."
optional = false
python-versions = ">=3.8"
files = [
    {file = "mlx-0.9.0-cp310-cp310-macosx_13_0_arm64.whl", hash = "sha256:c7f7344a3e380163ebe804327a375dc2bd282effe25d8fb6c6b2dee55db74227"},
    {file = "mlx-0.9.0-cp310-cp310-macosx_14_0_arm64.whl", hash = "sha256:782c71b58bab3e735e0cdbc161c108cf568e3fe01392d32a2c05a101e61ffe0f"},
    {file = "mlx-0.9.0-cp311-cp311-macosx_13_0_arm64.whl", hash = "sha256:3a79c7a5eaea89dd6bee6b4725ffd61531e3dae228b29c0a5dd5cdd7279830ba"},
    {file = "mlx-0.9.0-cp311-cp311-macosx_14_0_arm64.whl", hash = "sha256:531d2196e36faee055eb56c4e6db7564230a7b9a8a322f9126637805170dc666"},
    {file = "mlx-0.9.0-cp312-cp312-macosx_13_0_arm64.whl", hash = "sha256:e0513d416768725f1358cb432aa79bf44ea0abdb4e10bc91deaf0f363d5d1265"},
    {file = "mlx-0.9.0-cp312-cp312-macosx_14_0_arm64.whl", hash = "sha256:55f73a717230123371887cb1e50ee49189410ec9c1387d485ffba4b8084d794a"},
    {file = "mlx-0.9.0-cp38-cp38-macosx_13_0_arm64.whl", hash = "sha256:99e8a5e50eebd6f0484f5f2cf43ca41f9953ee4e1fa95aba46969d451b0c6158"},
    {file = "mlx-0.9.0-cp38-cp38-macosx_14_0_arm64.whl", hash = "sha256:bf24c9f3dae7e0b528c3cc3a05cd419051e189b667916e68d16b06a3c3592d17"},
    {file = "mlx-0.9.0-cp39-cp39-macosx_13_0_arm64.whl", hash = "sha256:aebbb3970596c6ed552487d00b03fdeefe053f79c6e2397e5981979b77f1d510"},
    {file = "mlx-0.9.0-cp39-cp39-macosx_14_0_arm64.whl", hash = "sha256:437b5984a178f7a349fc5cf05030ce7ade1d31198d774c2401e7111f615ff2ac"},
]

[package.extras]
dev = ["pre-commit"]
testing = ["numpy", "torch"]

[metadata]
lock-version = "2.0"
python-versions = "^3.12"
content-hash = "d8d17f8aa17b9c1cb1e5356d833943c4be2f6e3e2e3af496b78dbc7f665e9742"
